
Microsoft Visual Studio Solution File, Format Version 12.00
# Visual Studio Version 16
VisualStudioVersion = 16.0.33214.272
MinimumVisualStudioVersion = 10.0.40219.1
Project("{8BC9CEB8-8B4A-11D0-8D11-00A0C91BC942}") = "meshlibs", "meshlibs\meshlibs.vcxproj", "{F8237C9C-D14E-433A-A16C-95F893CB88D3}"
EndProject
Project("{8BC9CEB8-8B4A-11D0-8D11-00A0C91BC942}") = "meshDicom", "meshDicom\meshDicom.vcxproj", "{5800103E-56EB-4E7D-9252-DB844B2E331B}"
EndProject
Global
	GlobalSection(SolutionConfigurationPlatforms) = preSolution
		Debug|x64 = Debug|x64
		Debug|x86 = Debug|x86
		Release|x64 = Release|x64
		Release|x86 = Release|x86
	EndGlobalSection
	GlobalSection(ProjectConfigurationPlatforms) = postSolution
		{F8237C9C-D14E-433A-A16C-95F893CB88D3}.Debug|x64.ActiveCfg = Debug|x64
		{F8237C9C-D14E-433A-A16C-95F893CB88D3}.Debug|x64.Build.0 = Debug|x64
		{F8237C9C-D14E-433A-A16C-95F893CB88D3}.Debug|x86.ActiveCfg = Debug|Win32
		{F8237C9C-D14E-433A-A16C-95F893CB88D3}.Debug|x86.Build.0 = Debug|Win32
		{F8237C9C-D14E-433A-A16C-95F893CB88D3}.Release|x64.ActiveCfg = Release|x64
		{F8237C9C-D14E-433A-A16C-95F893CB88D3}.Release|x64.Build.0 = Release|x64
		{F8237C9C-D14E-433A-A16C-95F893CB88D3}.Release|x86.ActiveCfg = Release|Win32
		{F8237C9C-D14E-433A-A16C-95F893CB88D3}.Release|x86.Build.0 = Release|Win32
		{5800103E-56EB-4E7D-9252-DB844B2E331B}.Debug|x64.ActiveCfg = Debug|x64
		{5800103E-56EB-4E7D-9252-DB844B2E331B}.Debug|x64.Build.0 = Debug|x64
		{5800103E-56EB-4E7D-9252-DB844B2E331B}.Debug|x86.ActiveCfg = Debug|Win32
		{5800103E-56EB-4E7D-9252-DB844B2E331B}.Debug|x86.Build.0 = Debug|Win32
		{5800103E-56EB-4E7D-9252-DB844B2E331B}.Release|x64.ActiveCfg = Release|x64
		{5800103E-56EB-4E7D-9252-DB844B2E331B}.Release|x64.Build.0 = Release|x64
		{5800103E-56EB-4E7D-9252-DB844B2E331B}.Release|x86.ActiveCfg = Release|Win32
		{5800103E-56EB-4E7D-9252-DB844B2E331B}.Release|x86.Build.0 = Release|Win32
	EndGlobalSection
	GlobalSection(SolutionProperties) = preSolution
		HideSolutionNode = FALSE
	EndGlobalSection
	GlobalSection(ExtensibilityGlobals) = postSolution
		SolutionGuid = {B1F61901-5884-40D0-92A8-A4E4573E16AD}
	EndGlobalSection
EndGlobal
